// !$*UTF8*$!
{
	archiveVersion = 1;
	classes = {
	};
	objectVersion = 77;
	objects = {

/* Begin PBXBuildFile section */
		F9F3F0FE2D5BA86000948BC0 /* SwiftUINavigation in Frameworks */ = {isa = PBXBuildFile; productRef = F9F3F0FD2D5BA86000948BC0 /* SwiftUINavigation */; };
		F9F3F1002D5BA86000948BC0 /* SwiftUINavigationCore in Frameworks */ = {isa = PBXBuildFile; productRef = F9F3F0FF2D5BA86000948BC0 /* SwiftUINavigationCore */; };
		F9F3F1032D5BA89B00948BC0 /* Sharing in Frameworks */ = {isa = PBXBuildFile; productRef = F9F3F1022D5BA89B00948BC0 /* Sharing */; };
		F9F3F17B2D5BAEC700948BC0 /* Dependencies in Frameworks */ = {isa = PBXBuildFile; productRef = F9F3F17A2D5BAEC700948BC0 /* Dependencies */; };
		F9F3F17D2D5BAEC700948BC0 /* DependenciesMacros in Frameworks */ = {isa = PBXBuildFile; productRef = F9F3F17C2D5BAEC700948BC0 /* DependenciesMacros */; };
/* End PBXBuildFile section */

/* Begin PBXContainerItemProxy section */
		F9F3F0E02D5BA7E400948BC0 /* PBXContainerItemProxy */ = {
			isa = PBXContainerItemProxy;
			containerPortal = F9F3F0C72D5BA7E000948BC0 /* Project object */;
			proxyType = 1;
			remoteGlobalIDString = F9F3F0CE2D5BA7E000948BC0;
			remoteInfo = MVVMDemo;
		};
		F9F3F0EA2D5BA7E400948BC0 /* PBXContainerItemProxy */ = {
			isa = PBXContainerItemProxy;
			containerPortal = F9F3F0C72D5BA7E000948BC0 /* Project object */;
			proxyType = 1;
			remoteGlobalIDString = F9F3F0CE2D5BA7E000948BC0;
			remoteInfo = MVVMDemo;
		};
/* End PBXContainerItemProxy section */

/* Begin PBXFileReference section */
		F9F3F0CF2D5BA7E000948BC0 /* MVVMDemo.app */ = {isa = PBXFileReference; explicitFileType = wrapper.application; includeInIndex = 0; path = MVVMDemo.app; sourceTree = BUILT_PRODUCTS_DIR; };
		F9F3F0DF2D5BA7E400948BC0 /* MVVMDemoTests.xctest */ = {isa = PBXFileReference; explicitFileType = wrapper.cfbundle; includeInIndex = 0; path = MVVMDemoTests.xctest; sourceTree = BUILT_PRODUCTS_DIR; };
		F9F3F0E92D5BA7E400948BC0 /* MVVMDemoUITests.xctest */ = {isa = PBXFileReference; explicitFileType = wrapper.cfbundle; includeInIndex = 0; path = MVVMDemoUITests.xctest; sourceTree = BUILT_PRODUCTS_DIR; };
/* End PBXFileReference section */

/* Begin PBXFileSystemSynchronizedRootGroup section */
		F9F3F0D12D5BA7E000948BC0 /* MVVMDemo */ = {
			isa = PBXFileSystemSynchronizedRootGroup;
			path = MVVMDemo;
			sourceTree = "<group>";
		};
		F9F3F0E22D5BA7E400948BC0 /* MVVMDemoTests */ = {
			isa = PBXFileSystemSynchronizedRootGroup;
			path = MVVMDemoTests;
			sourceTree = "<group>";
		};
/* End PBXFileSystemSynchronizedRootGroup section */

/* Begin PBXFrameworksBuildPhase section */
		F9F3F0CC2D5BA7E000948BC0 /* Frameworks */ = {
			isa = PBXFrameworksBuildPhase;
			buildActionMask = 2147483647;
			files = (
				F9F3F1032D5BA89B00948BC0 /* Sharing in Frameworks */,
				F9F3F0FE2D5BA86000948BC0 /* SwiftUINavigation in Frameworks */,
				F9F3F17D2D5BAEC700948BC0 /* DependenciesMacros in Frameworks */,
				F9F3F1002D5BA86000948BC0 /* SwiftUINavigationCore in Frameworks */,
				F9F3F17B2D5BAEC700948BC0 /* Dependencies in Frameworks */,
			);
			runOnlyForDeploymentPostprocessing = 0;
		};
		F9F3F0DC2D5BA7E400948BC0 /* Frameworks */ = {
			isa = PBXFrameworksBuildPhase;
			buildActionMask = 2147483647;
			files = (
			);
			runOnlyForDeploymentPostprocessing = 0;
		};
		F9F3F0E62D5BA7E400948BC0 /* Frameworks */ = {
			isa = PBXFrameworksBuildPhase;
			buildActionMask = 2147483647;
			files = (
			);
			runOnlyForDeploymentPostprocessing = 0;
		};
/* End PBXFrameworksBuildPhase section */

/* Begin PBXGroup section */
		F9F3F0C62D5BA7E000948BC0 = {
			isa = PBXGroup;
			children = (
				F9F3F0D12D5BA7E000948BC0 /* MVVMDemo */,
				F9F3F0E22D5BA7E400948BC0 /* MVVMDemoTests */,
				F9F3F0D02D5BA7E000948BC0 /* Products */,
			);
			sourceTree = "<group>";
		};
		F9F3F0D02D5BA7E000948BC0 /* Products */ = {
			isa = PBXGroup;
			children = (
				F9F3F0CF2D5BA7E000948BC0 /* MVVMDemo.app */,
				F9F3F0DF2D5BA7E400948BC0 /* MVVMDemoTests.xctest */,
				F9F3F0E92D5BA7E400948BC0 /* MVVMDemoUITests.xctest */,
			);
			name = Products;
			sourceTree = "<group>";
		};
/* End PBXGroup section */

/* Begin PBXNativeTarget section */
		F9F3F0CE2D5BA7E000948BC0 /* MVVMDemo */ = {
			isa = PBXNativeTarget;
			buildConfigurationList = F9F3F0F32D5BA7E400948BC0 /* Build configuration list for PBXNativeTarget "MVVMDemo" */;
			buildPhases = (
				F9F3F0CB2D5BA7E000948BC0 /* Sources */,
				F9F3F0CC2D5BA7E000948BC0 /* Frameworks */,
				F9F3F0CD2D5BA7E000948BC0 /* Resources */,
			);
			buildRules = (
			);
			dependencies = (
			);
			fileSystemSynchronizedGroups = (
				F9F3F0D12D5BA7E000948BC0 /* MVVMDemo */,
			);
			name = MVVMDemo;
			packageProductDependencies = (
				F9F3F0FD2D5BA86000948BC0 /* SwiftUINavigation */,
				F9F3F0FF2D5BA86000948BC0 /* SwiftUINavigationCore */,
				F9F3F1022D5BA89B00948BC0 /* Sharing */,
				F9F3F17A2D5BAEC700948BC0 /* Dependencies */,
				F9F3F17C2D5BAEC700948BC0 /* DependenciesMacros */,
			);
			productName = MVVMDemo;
			productReference = F9F3F0CF2D5BA7E000948BC0 /* MVVMDemo.app */;
			productType = "com.apple.product-type.application";
		};
		F9F3F0DE2D5BA7E400948BC0 /* MVVMDemoTests */ = {
			isa = PBXNativeTarget;
			buildConfigurationList = F9F3F0F62D5BA7E400948BC0 /* Build configuration list for PBXNativeTarget "MVVMDemoTests" */;
			buildPhases = (
				F9F3F0DB2D5BA7E400948BC0 /* Sources */,
				F9F3F0DC2D5BA7E400948BC0 /* Frameworks */,
				F9F3F0DD2D5BA7E400948BC0 /* Resources */,
			);
			buildRules = (
			);
			dependencies = (
				F9F3F0E12D5BA7E400948BC0 /* PBXTargetDependency */,
			);
			fileSystemSynchronizedGroups = (
				F9F3F0E22D5BA7E400948BC0 /* MVVMDemoTests */,
			);
			name = MVVMDemoTests;
			packageProductDependencies = (
			);
			productName = MVVMDemoTests;
			productReference = F9F3F0DF2D5BA7E400948BC0 /* MVVMDemoTests.xctest */;
			productType = "com.apple.product-type.bundle.unit-test";
		};
		F9F3F0E82D5BA7E400948BC0 /* MVVMDemoUITests */ = {
			isa = PBXNativeTarget;
			buildConfigurationList = F9F3F0F92D5BA7E400948BC0 /* Build configuration list for PBXNativeTarget "MVVMDemoUITests" */;
			buildPhases = (
				F9F3F0E52D5BA7E400948BC0 /* Sources */,
				F9F3F0E62D5BA7E400948BC0 /* Frameworks */,
				F9F3F0E72D5BA7E400948BC0 /* Resources */,
			);
			buildRules = (
			);
			dependencies = (
				F9F3F0EB2D5BA7E400948BC0 /* PBXTargetDependency */,
			);
			name = MVVMDemoUITests;
			packageProductDependencies = (
			);
			productName = MVVMDemoUITests;
			productReference = F9F3F0E92D5BA7E400948BC0 /* MVVMDemoUITests.xctest */;
			productType = "com.apple.product-type.bundle.ui-testing";
		};
/* End PBXNativeTarget section */

/* Begin PBXProject section */
		F9F3F0C72D5BA7E000948BC0 /* Project object */ = {
			isa = PBXProject;
			attributes = {
				BuildIndependentTargetsInParallel = 1;
				LastSwiftUpdateCheck = 1620;
				LastUpgradeCheck = 1620;
				TargetAttributes = {
					F9F3F0CE2D5BA7E000948BC0 = {
						CreatedOnToolsVersion = 16.2;
					};
					F9F3F0DE2D5BA7E400948BC0 = {
						CreatedOnToolsVersion = 16.2;
						TestTargetID = F9F3F0CE2D5BA7E000948BC0;
					};
					F9F3F0E82D5BA7E400948BC0 = {
						CreatedOnToolsVersion = 16.2;
						TestTargetID = F9F3F0CE2D5BA7E000948BC0;
					};
				};
			};
			buildConfigurationList = F9F3F0CA2D5BA7E000948BC0 /* Build configuration list for PBXProject "MVVMDemo" */;
			developmentRegion = en;
			hasScannedForEncodings = 0;
			knownRegions = (
				en,
				Base,
			);
			mainGroup = F9F3F0C62D5BA7E000948BC0;
			minimizedProjectReferenceProxies = 1;
			packageReferences = (
				F9F3F0FC2D5BA86000948BC0 /* XCRemoteSwiftPackageReference "swiftui-navigation" */,
				F9F3F1012D5BA89B00948BC0 /* XCRemoteSwiftPackageReference "swift-sharing" */,
				F9F3F1792D5BAEC700948BC0 /* XCRemoteSwiftPackageReference "swift-dependencies" */,
			);
			preferredProjectObjectVersion = 77;
			productRefGroup = F9F3F0D02D5BA7E000948BC0 /* Products */;
			projectDirPath = "";
			projectRoot = "";
			targets = (
				F9F3F0CE2D5BA7E000948BC0 /* MVVMDemo */,
				F9F3F0DE2D5BA7E400948BC0 /* MVVMDemoTests */,
				F9F3F0E82D5BA7E400948BC0 /* MVVMDemoUITests */,
			);
		};
/* End PBXProject section */

/* Begin PBXResourcesBuildPhase section */
		F9F3F0CD2D5BA7E000948BC0 /* Resources */ = {
			isa = PBXResourcesBuildPhase;
			buildActionMask = 2147483647;
			files = (
			);
			runOnlyForDeploymentPostprocessing = 0;
		};
		F9F3F0DD2D5BA7E400948BC0 /* Resources */ = {
			isa = PBXResourcesBuildPhase;
			buildActionMask = 2147483647;
			files = (
			);
			runOnlyForDeploymentPostprocessing = 0;
		};
		F9F3F0E72D5BA7E400948BC0 /* Resources */ = {
			isa = PBXResourcesBuildPhase;
			buildActionMask = 2147483647;
			files = (
			);
			runOnlyForDeploymentPostprocessing = 0;
		};
/* End PBXResourcesBuildPhase section */

/* Begin PBXSourcesBuildPhase section */
		F9F3F0CB2D5BA7E000948BC0 /* Sources */ = {
			isa = PBXSourcesBuildPhase;
			buildActionMask = 2147483647;
			files = (
			);
			runOnlyForDeploymentPostprocessing = 0;
		};
		F9F3F0DB2D5BA7E400948BC0 /* Sources */ = {
			isa = PBXSourcesBuildPhase;
			buildActionMask = 2147483647;
			files = (
			);
			runOnlyForDeploymentPostprocessing = 0;
		};
		F9F3F0E52D5BA7E400948BC0 /* Sources */ = {
			isa = PBXSourcesBuildPhase;
			buildActionMask = 2147483647;
			files = (
			);
			runOnlyForDeploymentPostprocessing = 0;
		};
/* End PBXSourcesBuildPhase section */

/* Begin PBXTargetDependency section */
		F9F3F0E12D5BA7E400948BC0 /* PBXTargetDependency */ = {
			isa = PBXTargetDependency;
			target = F9F3F0CE2D5BA7E000948BC0 /* MVVMDemo */;
			targetProxy = F9F3F0E02D5BA7E400948BC0 /* PBXContainerItemProxy */;
		};
		F9F3F0EB2D5BA7E400948BC0 /* PBXTargetDependency */ = {
			isa = PBXTargetDependency;
			target = F9F3F0CE2D5BA7E000948BC0 /* MVVMDemo */;
			targetProxy = F9F3F0EA2D5BA7E400948BC0 /* PBXContainerItemProxy */;
		};
/* End PBXTargetDependency section */

/* Begin XCBuildConfiguration section */
		F9F3F0F12D5BA7E400948BC0 /* Debug */ = {
			isa = XCBuildConfiguration;
			buildSettings = {
				ALWAYS_SEARCH_USER_PATHS = NO;
				ASSETCATALOG_COMPILER_GENERATE_SWIFT_ASSET_SYMBOL_EXTENSIONS = YES;
				CLANG_ANALYZER_NONNULL = YES;
				CLANG_ANALYZER_NUMBER_OBJECT_CONVERSION = YES_AGGRESSIVE;
				CLANG_CXX_LANGUAGE_STANDARD = "gnu++20";
				CLANG_ENABLE_MODULES = YES;
				CLANG_ENABLE_OBJC_ARC = YES;
				CLANG_ENABLE_OBJC_WEAK = YES;
				CLANG_WARN_BLOCK_CAPTURE_AUTORELEASING = YES;
				CLANG_WARN_BOOL_CONVERSION = YES;
				CLANG_WARN_COMMA = YES;
				CLANG_WARN_CONSTANT_CONVERSION = YES;
				CLANG_WARN_DEPRECATED_OBJC_IMPLEMENTATIONS = YES;
				CLANG_WARN_DIRECT_OBJC_ISA_USAGE = YES_ERROR;
				CLANG_WARN_DOCUMENTATION_COMMENTS = YES;
				CLANG_WARN_EMPTY_BODY = YES;
				CLANG_WARN_ENUM_CONVERSION = YES;
				CLANG_WARN_INFINITE_RECURSION = YES;
				CLANG_WARN_INT_CONVERSION = YES;
				CLANG_WARN_NON_LITERAL_NULL_CONVERSION = YES;
				CLANG_WARN_OBJC_IMPLICIT_RETAIN_SELF = YES;
				CLANG_WARN_OBJC_LITERAL_CONVERSION = YES;
				CLANG_WARN_OBJC_ROOT_CLASS = YES_ERROR;
				CLANG_WARN_QUOTED_INCLUDE_IN_FRAMEWORK_HEADER = YES;
				CLANG_WARN_RANGE_LOOP_ANALYSIS = YES;
				CLANG_WARN_STRICT_PROTOTYPES = YES;
				CLANG_WARN_SUSPICIOUS_MOVE = YES;
				CLANG_WARN_UNGUARDED_AVAILABILITY = YES_AGGRESSIVE;
				CLANG_WARN_UNREACHABLE_CODE = YES;
				CLANG_WARN__DUPLICATE_METHOD_MATCH = YES;
				COPY_PHASE_STRIP = NO;
				DEBUG_INFORMATION_FORMAT = dwarf;
				ENABLE_STRICT_OBJC_MSGSEND = YES;
				ENABLE_TESTABILITY = YES;
				ENABLE_USER_SCRIPT_SANDBOXING = YES;
				GCC_C_LANGUAGE_STANDARD = gnu17;
				GCC_DYNAMIC_NO_PIC = NO;
				GCC_NO_COMMON_BLOCKS = YES;
				GCC_OPTIMIZATION_LEVEL = 0;
				GCC_PREPROCESSOR_DEFINITIONS = (
					"DEBUG=1",
					"$(inherited)",
				);
				GCC_WARN_64_TO_32_BIT_CONVERSION = YES;
				GCC_WARN_ABOUT_RETURN_TYPE = YES_ERROR;
				GCC_WARN_UNDECLARED_SELECTOR = YES;
				GCC_WARN_UNINITIALIZED_AUTOS = YES_AGGRESSIVE;
				GCC_WARN_UNUSED_FUNCTION = YES;
				GCC_WARN_UNUSED_VARIABLE = YES;
				IPHONEOS_DEPLOYMENT_TARGET = 18.2;
				LOCALIZATION_PREFERS_STRING_CATALOGS = YES;
				MTL_ENABLE_DEBUG_INFO = INCLUDE_SOURCE;
				MTL_FAST_MATH = YES;
				ONLY_ACTIVE_ARCH = YES;
				SDKROOT = iphoneos;
				SWIFT_ACTIVE_COMPILATION_CONDITIONS = "DEBUG $(inherited)";
				SWIFT_OPTIMIZATION_LEVEL = "-Onone";
			};
			name = Debug;
		};
		F9F3F0F22D5BA7E400948BC0 /* Release */ = {
			isa = XCBuildConfiguration;
			buildSettings = {
				ALWAYS_SEARCH_USER_PATHS = NO;
				ASSETCATALOG_COMPILER_GENERATE_SWIFT_ASSET_SYMBOL_EXTENSIONS = YES;
				CLANG_ANALYZER_NONNULL = YES;
				CLANG_ANALYZER_NUMBER_OBJECT_CONVERSION = YES_AGGRESSIVE;
				CLANG_CXX_LANGUAGE_STANDARD = "gnu++20";
				CLANG_ENABLE_MODULES = YES;
				CLANG_ENABLE_OBJC_ARC = YES;
				CLANG_ENABLE_OBJC_WEAK = YES;
				CLANG_WARN_BLOCK_CAPTURE_AUTORELEASING = YES;
				CLANG_WARN_BOOL_CONVERSION = YES;
				CLANG_WARN_COMMA = YES;
				CLANG_WARN_CONSTANT_CONVERSION = YES;
				CLANG_WARN_DEPRECATED_OBJC_IMPLEMENTATIONS = YES;
				CLANG_WARN_DIRECT_OBJC_ISA_USAGE = YES_ERROR;
				CLANG_WARN_DOCUMENTATION_COMMENTS = YES;
				CLANG_WARN_EMPTY_BODY = YES;
				CLANG_WARN_ENUM_CONVERSION = YES;
				CLANG_WARN_INFINITE_RECURSION = YES;
				CLANG_WARN_INT_CONVERSION = YES;
				CLANG_WARN_NON_LITERAL_NULL_CONVERSION = YES;
				CLANG_WARN_OBJC_IMPLICIT_RETAIN_SELF = YES;
				CLANG_WARN_OBJC_LITERAL_CONVERSION = YES;
				CLANG_WARN_OBJC_ROOT_CLASS = YES_ERROR;
				CLANG_WARN_QUOTED_INCLUDE_IN_FRAMEWORK_HEADER = YES;
				CLANG_WARN_RANGE_LOOP_ANALYSIS = YES;
				CLANG_WARN_STRICT_PROTOTYPES = YES;
				CLANG_WARN_SUSPICIOUS_MOVE = YES;
				CLANG_WARN_UNGUARDED_AVAILABILITY = YES_AGGRESSIVE;
				CLANG_WARN_UNREACHABLE_CODE = YES;
				CLANG_WARN__DUPLICATE_METHOD_MATCH = YES;
				COPY_PHASE_STRIP = NO;
				DEBUG_INFORMATION_FORMAT = "dwarf-with-dsym";
				ENABLE_NS_ASSERTIONS = NO;
				ENABLE_STRICT_OBJC_MSGSEND = YES;
				ENABLE_USER_SCRIPT_SANDBOXING = YES;
				GCC_C_LANGUAGE_STANDARD = gnu17;
				GCC_NO_COMMON_BLOCKS = YES;
				GCC_WARN_64_TO_32_BIT_CONVERSION = YES;
				GCC_WARN_ABOUT_RETURN_TYPE = YES_ERROR;
				GCC_WARN_UNDECLARED_SELECTOR = YES;
				GCC_WARN_UNINITIALIZED_AUTOS = YES_AGGRESSIVE;
				GCC_WARN_UNUSED_FUNCTION = YES;
				GCC_WARN_UNUSED_VARIABLE = YES;
				IPHONEOS_DEPLOYMENT_TARGET = 18.2;
				LOCALIZATION_PREFERS_STRING_CATALOGS = YES;
				MTL_ENABLE_DEBUG_INFO = NO;
				MTL_FAST_MATH = YES;
				SDKROOT = iphoneos;
				SWIFT_COMPILATION_MODE = wholemodule;
				VALIDATE_PRODUCT = YES;
			};
			name = Release;
		};
		F9F3F0F42D5BA7E400948BC0 /* Debug */ = {
			isa = XCBuildConfiguration;
			buildSettings = {
				ASSETCATALOG_COMPILER_APPICON_NAME = AppIcon;
				ASSETCATALOG_COMPILER_GLOBAL_ACCENT_COLOR_NAME = AccentColor;
				CODE_SIGN_STYLE = Automatic;
				CURRENT_PROJECT_VERSION = 1;
				DEVELOPMENT_ASSET_PATHS = "\"MVVMDemo/Preview Content\"";
				DEVELOPMENT_TEAM = 7Y5HS7AXDW;
				ENABLE_PREVIEWS = YES;
				GENERATE_INFOPLIST_FILE = YES;
				INFOPLIST_KEY_UIApplicationSceneManifest_Generation = YES;
				INFOPLIST_KEY_UIApplicationSupportsIndirectInputEvents = YES;
				INFOPLIST_KEY_UILaunchScreen_Generation = YES;
				INFOPLIST_KEY_UISupportedInterfaceOrientations_iPad = "UIInterfaceOrientationPortrait UIInterfaceOrientationPortraitUpsideDown UIInterfaceOrientationLandscapeLeft UIInterfaceOrientationLandscapeRight";
				INFOPLIST_KEY_UISupportedInterfaceOrientations_iPhone = "UIInterfaceOrientationPortrait UIInterfaceOrientationLandscapeLeft UIInterfaceOrientationLandscapeRight";
				LD_RUNPATH_SEARCH_PATHS = (
					"$(inherited)",
					"@executable_path/Frameworks",
				);
				MARKETING_VERSION = 1.0;
				PRODUCT_BUNDLE_IDENTIFIER = deda.MVVMDemo;
				PRODUCT_NAME = "$(TARGET_NAME)";
				SWIFT_EMIT_LOC_STRINGS = YES;
				SWIFT_VERSION = 5.0;
				TARGETED_DEVICE_FAMILY = "1,2";
			};
			name = Debug;
		};
		F9F3F0F52D5BA7E400948BC0 /* Release */ = {
			isa = XCBuildConfiguration;
			buildSettings = {
				ASSETCATALOG_COMPILER_APPICON_NAME = AppIcon;
				ASSETCATALOG_COMPILER_GLOBAL_ACCENT_COLOR_NAME = AccentColor;
				CODE_SIGN_STYLE = Automatic;
				CURRENT_PROJECT_VERSION = 1;
				DEVELOPMENT_ASSET_PATHS = "\"MVVMDemo/Preview Content\"";
				DEVELOPMENT_TEAM = 7Y5HS7AXDW;
				ENABLE_PREVIEWS = YES;
				GENERATE_INFOPLIST_FILE = YES;
				INFOPLIST_KEY_UIApplicationSceneManifest_Generation = YES;
				INFOPLIST_KEY_UIApplicationSupportsIndirectInputEvents = YES;
				INFOPLIST_KEY_UILaunchScreen_Generation = YES;
				INFOPLIST_KEY_UISupportedInterfaceOrientations_iPad = "UIInterfaceOrientationPortrait UIInterfaceOrientationPortraitUpsideDown UIInterfaceOrientationLandscapeLeft UIInterfaceOrientationLandscapeRight";
				INFOPLIST_KEY_UISupportedInterfaceOrientations_iPhone = "UIInterfaceOrientationPortrait UIInterfaceOrientationLandscapeLeft UIInterfaceOrientationLandscapeRight";
				LD_RUNPATH_SEARCH_PATHS = (
					"$(inherited)",
					"@executable_path/Frameworks",
				);
				MARKETING_VERSION = 1.0;
				PRODUCT_BUNDLE_IDENTIFIER = deda.MVVMDemo;
				PRODUCT_NAME = "$(TARGET_NAME)";
				SWIFT_EMIT_LOC_STRINGS = YES;
				SWIFT_VERSION = 5.0;
				TARGETED_DEVICE_FAMILY = "1,2";
			};
			name = Release;
		};
		F9F3F0F72D5BA7E400948BC0 /* Debug */ = {
			isa = XCBuildConfiguration;
			buildSettings = {
				BUNDLE_LOADER = "$(TEST_HOST)";
				CODE_SIGN_STYLE = Automatic;
				CURRENT_PROJECT_VERSION = 1;
				DEVELOPMENT_TEAM = 7Y5HS7AXDW;
				GENERATE_INFOPLIST_FILE = YES;
				IPHONEOS_DEPLOYMENT_TARGET = 18.2;
				MARKETING_VERSION = 1.0;
				PRODUCT_BUNDLE_IDENTIFIER = deda.MVVMDemoTests;
				PRODUCT_NAME = "$(TARGET_NAME)";
				SWIFT_EMIT_LOC_STRINGS = NO;
				SWIFT_VERSION = 5.0;
				TARGETED_DEVICE_FAMILY = "1,2";
				TEST_HOST = "$(BUILT_PRODUCTS_DIR)/MVVMDemo.app/$(BUNDLE_EXECUTABLE_FOLDER_PATH)/MVVMDemo";
			};
			name = Debug;
		};
		F9F3F0F82D5BA7E400948BC0 /* Release */ = {
			isa = XCBuildConfiguration;
			buildSettings = {
				BUNDLE_LOADER = "$(TEST_HOST)";
				CODE_SIGN_STYLE = Automatic;
				CURRENT_PROJECT_VERSION = 1;
				DEVELOPMENT_TEAM = 7Y5HS7AXDW;
				GENERATE_INFOPLIST_FILE = YES;
				IPHONEOS_DEPLOYMENT_TARGET = 18.2;
				MARKETING_VERSION = 1.0;
				PRODUCT_BUNDLE_IDENTIFIER = deda.MVVMDemoTests;
				PRODUCT_NAME = "$(TARGET_NAME)";
				SWIFT_EMIT_LOC_STRINGS = NO;
				SWIFT_VERSION = 5.0;
				TARGETED_DEVICE_FAMILY = "1,2";
				TEST_HOST = "$(BUILT_PRODUCTS_DIR)/MVVMDemo.app/$(BUNDLE_EXECUTABLE_FOLDER_PATH)/MVVMDemo";
			};
			name = Release;
		};
		F9F3F0FA2D5BA7E400948BC0 /* Debug */ = {
			isa = XCBuildConfiguration;
			buildSettings = {
				CODE_SIGN_STYLE = Automatic;
				CURRENT_PROJECT_VERSION = 1;
				DEVELOPMENT_TEAM = 7Y5HS7AXDW;
				GENERATE_INFOPLIST_FILE = YES;
				MARKETING_VERSION = 1.0;
				PRODUCT_BUNDLE_IDENTIFIER = deda.MVVMDemoUITests;
				PRODUCT_NAME = "$(TARGET_NAME)";
				SWIFT_EMIT_LOC_STRINGS = NO;
				SWIFT_VERSION = 5.0;
				TARGETED_DEVICE_FAMILY = "1,2";
				TEST_TARGET_NAME = MVVMDemo;
			};
			name = Debug;
		};
		F9F3F0FB2D5BA7E400948BC0 /* Release */ = {
			isa = XCBuildConfiguration;
			buildSettings = {
				CODE_SIGN_STYLE = Automatic;
				CURRENT_PROJECT_VERSION = 1;
				DEVELOPMENT_TEAM = 7Y5HS7AXDW;
				GENERATE_INFOPLIST_FILE = YES;
				MARKETING_VERSION = 1.0;
				PRODUCT_BUNDLE_IDENTIFIER = deda.MVVMDemoUITests;
				PRODUCT_NAME = "$(TARGET_NAME)";
				SWIFT_EMIT_LOC_STRINGS = NO;
				SWIFT_VERSION = 5.0;
				TARGETED_DEVICE_FAMILY = "1,2";
				TEST_TARGET_NAME = MVVMDemo;
			};
			name = Release;
		};
/* End XCBuildConfiguration section */

/* Begin XCConfigurationList section */
		F9F3F0CA2D5BA7E000948BC0 /* Build configuration list for PBXProject "MVVMDemo" */ = {
			isa = XCConfigurationList;
			buildConfigurations = (
				F9F3F0F12D5BA7E400948BC0 /* Debug */,
				F9F3F0F22D5BA7E400948BC0 /* Release */,
			);
			defaultConfigurationIsVisible = 0;
			defaultConfigurationName = Release;
		};
		F9F3F0F32D5BA7E400948BC0 /* Build configuration list for PBXNativeTarget "MVVMDemo" */ = {
			isa = XCConfigurationList;
			buildConfigurations = (
				F9F3F0F42D5BA7E400948BC0 /* Debug */,
				F9F3F0F52D5BA7E400948BC0 /* Release */,
			);
			defaultConfigurationIsVisible = 0;
			defaultConfigurationName = Release;
		};
		F9F3F0F62D5BA7E400948BC0 /* Build configuration list for PBXNativeTarget "MVVMDemoTests" */ = {
			isa = XCConfigurationList;
			buildConfigurations = (
				F9F3F0F72D5BA7E400948BC0 /* Debug */,
				F9F3F0F82D5BA7E400948BC0 /* Release */,
			);
			defaultConfigurationIsVisible = 0;
			defaultConfigurationName = Release;
		};
		F9F3F0F92D5BA7E400948BC0 /* Build configuration list for PBXNativeTarget "MVVMDemoUITests" */ = {
			isa = XCConfigurationList;
			buildConfigurations = (
				F9F3F0FA2D5BA7E400948BC0 /* Debug */,
				F9F3F0FB2D5BA7E400948BC0 /* Release */,
			);
			defaultConfigurationIsVisible = 0;
			defaultConfigurationName = Release;
		};
/* End XCConfigurationList section */

/* Begin XCRemoteSwiftPackageReference section */
		F9F3F0FC2D5BA86000948BC0 /* XCRemoteSwiftPackageReference "swiftui-navigation" */ = {
			isa = XCRemoteSwiftPackageReference;
			repositoryURL = "https://github.com/pointfreeco/swiftui-navigation.git";
			requirement = {
				kind = exactVersion;
				version = 1.5.5;
			};
		};
		F9F3F1012D5BA89B00948BC0 /* XCRemoteSwiftPackageReference "swift-sharing" */ = {
			isa = XCRemoteSwiftPackageReference;
			repositoryURL = "https://github.com/pointfreeco/swift-sharing";
			requirement = {
				kind = exactVersion;
				version = 2.2.0;
			};
		};
		F9F3F1792D5BAEC700948BC0 /* XCRemoteSwiftPackageReference "swift-dependencies" */ = {
			isa = XCRemoteSwiftPackageReference;
			repositoryURL = "https://github.com/pointfreeco/swift-dependencies";
			requirement = {
				kind = exactVersion;
				version = 1.7.0;
			};
		};
/* End XCRemoteSwiftPackageReference section */

/* Begin XCSwiftPackageProductDependency section */
		F9F3F0FD2D5BA86000948BC0 /* SwiftUINavigation */ = {
			isa = XCSwiftPackageProductDependency;
			package = F9F3F0FC2D5BA86000948BC0 /* XCRemoteSwiftPackageReference "swiftui-navigation" */;
			productName = SwiftUINavigation;
		};
		F9F3F0FF2D5BA86000948BC0 /* SwiftUINavigationCore */ = {
			isa = XCSwiftPackageProductDependency;
			package = F9F3F0FC2D5BA86000948BC0 /* XCRemoteSwiftPackageReference "swiftui-navigation" */;
			productName = SwiftUINavigationCore;
		};
		F9F3F1022D5BA89B00948BC0 /* Sharing */ = {
			isa = XCSwiftPackageProductDependency;
			package = F9F3F1012D5BA89B00948BC0 /* XCRemoteSwiftPackageReference "swift-sharing" */;
			productName = Sharing;
		};
		F9F3F17A2D5BAEC700948BC0 /* Dependencies */ = {
			isa = XCSwiftPackageProductDependency;
			package = F9F3F1792D5BAEC700948BC0 /* XCRemoteSwiftPackageReference "swift-dependencies" */;
			productName = Dependencies;
		};
		F9F3F17C2D5BAEC700948BC0 /* DependenciesMacros */ = {
			isa = XCSwiftPackageProductDependency;
			package = F9F3F1792D5BAEC700948BC0 /* XCRemoteSwiftPackageReference "swift-dependencies" */;
			productName = DependenciesMacros;
		};
/* End XCSwiftPackageProductDependency section */
	};
	rootObject = F9F3F0C72D5BA7E000948BC0 /* Project object */;
}
